<?xml version="1.0" encoding="utf-8"?>
<Project ToolsVersion="4.0" xmlns="http://schemas.microsoft.com/developer/msbuild/2003">
  <ItemGroup>
    <ClCompile Include="MultiPassPostProcess.cpp" />
    <ClCompile Include="PostProcessBase.cpp" />
    <ClCompile Include="ShaderToyImplementation.cpp" />
    <ClCompile Include="ModelViewer.cpp" />
    <ClCompile Include="PostProcessBugTV.cpp">
      <Filter>PostProcess</Filter>
    </ClCompile>
    <ClCompile Include="PostProcessFilmGrain.cpp">
      <Filter>PostProcess</Filter>
    </ClCompile>
    <ClCompile Include="PostProcessGlitch.cpp">
      <Filter>PostProcess</Filter>
    </ClCompile>
    <ClCompile Include="PostProcessLut.cpp">
      <Filter>PostProcess</Filter>
    </ClCompile>
    <ClCompile Include="PostProcessMixer.cpp">
      <Filter>PostProcess</Filter>
    </ClCompile>
    <ClCompile Include="PostProcessMotionBlur.cpp">
      <Filter>PostProcess</Filter>
    </ClCompile>
    <ClCompile Include="PostProcessSharp.cpp">
      <Filter>PostProcess</Filter>
    </ClCompile>
    <ClCompile Include="PostProcessToneMapping.cpp">
      <Filter>PostProcess</Filter>
    </ClCompile>
    <ClCompile Include="PostProcessVignette.cpp">
      <Filter>PostProcess</Filter>
    </ClCompile>
    <ClCompile Include="MaterialInstance.cpp" />
    <ClCompile Include="ModelResource.cpp" />
    <ClCompile Include="SceneRendererExtend.cpp" />
    <ClCompile Include="SceneExtend.cpp" />
  </ItemGroup>
  <ItemGroup>
    <ClInclude Include="MultiPassPostProcess.h" />
    <ClInclude Include="resource.h" />
    <ClInclude Include="PostProcessBase.h" />
    <ClInclude Include="ShaderToyImplementation.h" />
    <ClInclude Include="ModelViewer.h" />
    <ClInclude Include="PostProcessBugTV.h">
      <Filter>PostProcess</Filter>
    </ClInclude>
    <ClInclude Include="PostProcessFilmGrain.h">
      <Filter>PostProcess</Filter>
    </ClInclude>
    <ClInclude Include="PostProcessGlitch.h">
      <Filter>PostProcess</Filter>
    </ClInclude>
    <ClInclude Include="PostProcessLut.h">
      <Filter>PostProcess</Filter>
    </ClInclude>
    <ClInclude Include="PostProcessMixer.h">
      <Filter>PostProcess</Filter>
    </ClInclude>
    <ClInclude Include="PostProcessMotionBlur.h">
      <Filter>PostProcess</Filter>
    </ClInclude>
    <ClInclude Include="PostProcessSharp.h">
      <Filter>PostProcess</Filter>
    </ClInclude>
    <ClInclude Include="PostProcessToneMapping.h">
      <Filter>PostProcess</Filter>
    </ClInclude>
    <ClInclude Include="PostProcessVignette.h">
      <Filter>PostProcess</Filter>
    </ClInclude>
    <ClInclude Include="MaterialInstance.h" />
    <ClInclude Include="ModelResource.h" />
    <ClInclude Include="SceneRendererExtend.h" />
    <ClInclude Include="SceneExtend.h" />
  </ItemGroup>
  <ItemGroup>
    <Filter Include="Data">
      <UniqueIdentifier>{e34e3747-1c5f-482c-b882-7b49f0910139}</UniqueIdentifier>
    </Filter>
    <Filter Include="PostProcess">
      <UniqueIdentifier>{dcbc22c8-4df1-4029-bbbf-238e71597c25}</UniqueIdentifier>
    </Filter>
    <Filter Include="Data\PostProcess">
      <UniqueIdentifier>{1859dafe-5cfc-4e65-a905-eab32c3da6f1}</UniqueIdentifier>
    </Filter>
  </ItemGroup>
  <ItemGroup>
    <None Include="Data\Blit.ps.hlsl">
      <Filter>Data</Filter>
    </None>
    <None Include="Data\Common.func.hlsl">
      <Filter>Data</Filter>
    </None>
    <None Include="Data\ColorGrading.func.hlsl">
      <Filter>Data</Filter>
    </None>
    <None Include="Data\GlslContainer.hlsl">
      <Filter>Data</Filter>
    </None>
    <None Include="Data\ModelViewer.ps.hlsl">
      <Filter>Data</Filter>
    </None>
    <None Include="Data\BugTV.ps.hlsl">
      <Filter>Data\PostProcess</Filter>
    </None>
    <None Include="Data\FilmGrain.ps.hlsl">
      <Filter>Data\PostProcess</Filter>
    </None>
    <None Include="Data\FractalCartoonLand.ps.hlsl">
      <Filter>Data\PostProcess</Filter>
    </None>
    <None Include="Data\Glitch.ps.hlsl">
      <Filter>Data\PostProcess</Filter>
    </None>
    <None Include="Data\Heart3D.ps.hlsl">
      <Filter>Data\PostProcess</Filter>
    </None>
    <None Include="Data\Lut.ps.hlsl">
      <Filter>Data\PostProcess</Filter>
    </None>
    <None Include="Data\Mixer.ps.hlsl">
      <Filter>Data\PostProcess</Filter>
    </None>
    <None Include="Data\MotionBlur.ps.hlsl">
      <Filter>Data\PostProcess</Filter>
    </None>
    <None Include="Data\OceanStructure.ps.hlsl">
      <Filter>Data\PostProcess</Filter>
    </None>
    <None Include="Data\Pirates.ps.hlsl">
      <Filter>Data\PostProcess</Filter>
    </None>
    <None Include="Data\Seascape.ps.hlsl">
      <Filter>Data\PostProcess</Filter>
    </None>
    <None Include="Data\Sharp.ps.hlsl">
      <Filter>Data\PostProcess</Filter>
    </None>
    <None Include="Data\ToneMapping.func.hlsl">
      <Filter>Data\PostProcess</Filter>
    </None>
    <None Include="Data\Topologica.ps.hlsl">
      <Filter>Data\PostProcess</Filter>
    </None>
    <None Include="Data\Toy.ps.hlsl">
      <Filter>Data\PostProcess</Filter>
    </None>
    <None Include="Data\Vignette.ps.hlsl">
      <Filter>Data\PostProcess</Filter>
    </None>
    <None Include="Data\Volcanic.ps.hlsl">
      <Filter>Data\PostProcess</Filter>
    </None>
    <None Include="Data\VolcanicBuffer0.ps.hlsl">
      <Filter>Data\PostProcess</Filter>
    </None>
  </ItemGroup>
  <ItemGroup>
    <ResourceCompile Include="MultiPassPostProcess.rc" />
  </ItemGroup>
</Project>